github.com/davecgh/go-spew v1.1.0/go.mod h1:J7Y8YcW2NihsgmVo/mv3lAwl/skON4iLHjSsI+c5H38=
github.com/davecgh/go-spew v1.1.1/go.mod h1:J7Y8YcW2NihsgmVo/mv3lAwl/skON4iLHjSsI+c5H38=
github.com/mohae/deepcopy v0.0.0-20170929034955-c48cc78d3826 h1:RWengNIrurVEjGanGYi6/TzgsA8IBbC8RszEElC7SkA=
github.com/mohae/deepcopy v0.0.0-20170929034955-c48cc78d3826/go.mod h1:TaSsVdB18CRv0BzwnKBbWxEuMCJFt+THI3XzxTfK/M4=
github.com/pmezard/go-difflib v1.0.0/go.mod h1:iKH77koFhYxTK1pcRnkKkqfTogsbg7gZNVY4sRDYZ/4=
github.com/richardlehane/mscfb v1.0.4 h1:WAxANqDwCl4m9fOxUWQBB8vaTBbRynHmKwew/VWzYL8=
github.com/richardlehane/mscfb v1.0.4/go.mod h1:YzlxMUOc0TSvRgKHB4IZqPi8rJbJoLCFn+gLTRg48PI=
github.com/richardlehane/msoleps v1.0.4 h1:QJg6L8Wjn4/oDzSPlplI1H/WnKFGuLlsiG//BU0aSC0=
github.com/richardlehane/msoleps v1.0.4/go.mod h1:JfIyr7PmL2hW0VB+/cwv/GBdW9Hc4ujnE7epWXy9hgU=
github.com/stretchr/objx v0.1.0/go.mod h1:HFkY916IF+rwdDfMAkV7OtwuqBVzrE8GR6GFx+wExME=
github.com/stretchr/objx v0.4.0/go.mod h1:YvHI0jy2hoMjB+UWwv71VJQ9isScKT/TqJzVSSt89Yw=
github.com/stretchr/objx v0.5.0/go.mod h1:Yh+to48EsGEfYuaHDzXPcE3xhTkx73EhmCGUpEOglJo=
github.com/stretchr/testify v1.7.1/go.mod h1:6Fq8oRcR53rry900zMqJjRRixrwX3KX962/h/Wwjteg=
github.com/stretchr/testify v1.8.0/go.mod h1:sz/lmYIOXD/1dqDmKjjqLyZ2RngseejIcXlSw2iwfAo=
github.com/stretchr/testify v1.8.1/go.mod h1:R5+US0+rwujGvhaFsPyBXtKuecXxJk5mD/zFJvZgqBlU=
github.com/xuri/efp v0.0.0-20240408161853-91c6715b7a3c h1:11pc+uEoWXIYRmF5EoZ8efyxJHlDaTKLSZ07uLitpU=
github.com/xuri/efp v0.0.0-20240408161853-91c6715b7a3c/go.mod h1:2QplCQWaYoNYfo8kzPznC9L8SoRnd5TEgsH60f+VcRo=
github.com/xuri/excelize/v2 v2.9.0 h1:1mNuwX8LB1eRbtZI67urVL7zKP37HntDVVKVuarK8bE=
github.com/xuri/excelize/v2 v2.9.0/go.mod h1:SMIL5jDyaNjhpdObAvk8VU8lgC2Ha/0cr+ZV6gCwa4Y=
github.com/xuri/nfp v0.0.0-20240318013403-ab9948c2c4a7 h1:Q4E/tBt36Sj/eLqyA0lKFqIzlCXpd0NqoKYLV10Tq0s=
github.com/xuri/nfp v0.0.0-20240318013403-ab9948c2c4a7/go.mod h1:JlIa7jCYIBe/k4qRxNvk2dwQR98+A5cXRC/+Tb0U9I0=
golang.org/x/crypto v0.28.0 h1:3wVXrz0w9a2rEKFH3PFVKowS+lucYS8pASdKZ9LY/fE=
golang.org/x/crypto v0.28.0/go.mod h1:LF8POtvL7F9HbhduSzYlg+d2ZyP0ZmPIDiKWXI2ziL84=
golang.org/x/image v0.14.0/go.mod h1:HxdqGfkOzqlH+yPDEabKyqStZHTO3UM7C8n+sn+1xYg=
golang.org/x/net v0.30.0 h1:AcW1SDZMkb8Ip3Cderr+ZU6ASTEybaaIlzqzBRLyLjY=
golang.org/x/net v0.30.0/go.mod h1:I0jjxbQ7kAOJNIHFEy2lf/hHRSM2PFQx+tjbPfFD+0U=
golang.org/x/sys v0.26.0/go.mod h1:/VUhepiaJMQUp4+oa/7Zr1D23ma6VTLIYjOOTFZPUcA=
golang.org/x/text v0.19.0 h1:kZ7DqedLj1e6488IS5sDd/P3cIv90WeV98SYEXIEf8=
golang.org/x/text v0.19.0/go.mod h1:BuEKDfyQoE++/X40PTu4/dxFypGd/djZH9LRTY58Ph9=
gopkg.in/check.v1 v0.0.0-20161208181325-20d25e280405/go.mod h1:Co6ibVJAznAaIkqp8huTwlJQCZ016jof/cbN4VW5Gy0=
gopkg.in/yaml.v3 v3.0.0/go.mod h1:K4uyk7a1pcgkzSlrobTj73QHdr1RDqk4CXrIxz4I2vo=
gopkg.in/yaml.v3 v3.0.1/go.mod h1:K4uyk7a1pcgkzSlrobTj73QHdr1RDqk4CXrIxz4I2vo=
